
Microsoft Visual Studio Solution File, Format Version 12.00
# Visual Studio 15
VisualStudioVersion = 15.0.27703.2042
MinimumVisualStudioVersion = 10.0.40219.1
Project("{FAE04EC0-301F-11D3-BF4B-00C04F79EFBC}") = "TizenCAPIAnalyzer", "TizenCAPIAnalyzer\TizenCAPIAnalyzer.csproj", "{AD34372A-B49E-4C31-8DFB-0EDC403D17D5}"
EndProject
Global
	GlobalSection(SolutionConfigurationPlatforms) = preSolution
		Debug|Any CPU = Debug|Any CPU
		Release|Any CPU = Release|Any CPU
	EndGlobalSection
	GlobalSection(ProjectConfigurationPlatforms) = postSolution
		{AD34372A-B49E-4C31-8DFB-0EDC403D17D5}.Debug|Any CPU.ActiveCfg = Debug|Any CPU
		{AD34372A-B49E-4C31-8DFB-0EDC403D17D5}.Debug|Any CPU.Build.0 = Debug|Any CPU
		{AD34372A-B49E-4C31-8DFB-0EDC403D17D5}.Release|Any CPU.ActiveCfg = Release|Any CPU
		{AD34372A-B49E-4C31-8DFB-0EDC403D17D5}.Release|Any CPU.Build.0 = Release|Any CPU
	EndGlobalSection
	GlobalSection(SolutionProperties) = preSolution
		HideSolutionNode = FALSE
	EndGlobalSection
	GlobalSection(ExtensibilityGlobals) = postSolution
		SolutionGuid = {431FA71A-0603-4C8F-9001-4D4100A7C62B}
	EndGlobalSection
EndGlobal
